
Microsoft Visual Studio Solution File, Format Version 12.00
# Visual Studio Version 16
VisualStudioVersion = 16.0.31702.278
MinimumVisualStudioVersion = 10.0.40219.1
Project("{FAE04EC0-301F-11D3-BF4B-00C04F79EFBC}") = "ShablePrefix", "src\ShablePrefix.csproj", "{BBFB51C7-D01F-41FD-B7E7-79D8378E9B38}"
EndProject
Global
	GlobalSection(SolutionConfigurationPlatforms) = preSolution
		Debug|Any CPU = Debug|Any CPU
		Release|Any CPU = Release|Any CPU
	EndGlobalSection
	GlobalSection(ProjectConfigurationPlatforms) = postSolution
		{BBFB51C7-D01F-41FD-B7E7-79D8378E9B38}.Debug|Any CPU.ActiveCfg = Debug|Any CPU
		{BBFB51C7-D01F-41FD-B7E7-79D8378E9B38}.Debug|Any CPU.Build.0 = Debug|Any CPU
		{BBFB51C7-D01F-41FD-B7E7-79D8378E9B38}.Release|Any CPU.ActiveCfg = Release|Any CPU
		{BBFB51C7-D01F-41FD-B7E7-79D8378E9B38}.Release|Any CPU.Build.0 = Release|Any CPU
	EndGlobalSection
	GlobalSection(SolutionProperties) = preSolution
		HideSolutionNode = FALSE
	EndGlobalSection
	GlobalSection(ExtensibilityGlobals) = postSolution
		SolutionGuid = {CF3B48B6-B422-4DB6-BE3D-6CBF8447A3F5}
	EndGlobalSection
EndGlobal
